{
    "_readme": [
        "This file locks the dependencies of your project to a known state",
        "Read more about it at http://getcomposer.org/doc/01-basic-usage.md#composer-lock-the-lock-file",
        "This file is @generated automatically"
    ],
    "hash": "d29f3f8f6cbb7f6215948c908318908f",
    "packages": [
        {
            "name": "ddelivery/sdk",
            "version": "2.1.9",
            "source": {
                "type": "zip",
                "url": "https://github.com/ddelivery/DDelivery/archive/master.zip",
                "reference": "master"
            },
            "dist": {
                "type": "zip",
                "url": "https://github.com/ddelivery/DDelivery/archive/master.zip",
                "reference": "master",
                "shasum": null
            },
            "type": "library"
        }
    ],
    "packages-dev": [],
    "aliases": [],
    "minimum-stability": "stable",
    "stability-flags": [],
    "prefer-stable": false,
    "platform": [],
    "platform-dev": []
}
